
Microsoft Visual Studio Solution File, Format Version 12.00
# Visual Studio Version 17
VisualStudioVersion = 17.2.32630.192
MinimumVisualStudioVersion = 10.0.40219.1
Project("{FAE04EC0-301F-11D3-BF4B-00C04F79EFBC}") = "Sort", "Sort\Sort.csproj", "{92062A3C-55F0-4AD2-8A2C-FA08FC4A7ADE}"
EndProject
Global
	GlobalSection(SolutionConfigurationPlatforms) = preSolution
		Debug|Any CPU = Debug|Any CPU
		Release|Any CPU = Release|Any CPU
	EndGlobalSection
	GlobalSection(ProjectConfigurationPlatforms) = postSolution
		{92062A3C-55F0-4AD2-8A2C-FA08FC4A7ADE}.Debug|Any CPU.ActiveCfg = Debug|Any CPU
		{92062A3C-55F0-4AD2-8A2C-FA08FC4A7ADE}.Debug|Any CPU.Build.0 = Debug|Any CPU
		{92062A3C-55F0-4AD2-8A2C-FA08FC4A7ADE}.Release|Any CPU.ActiveCfg = Release|Any CPU
		{92062A3C-55F0-4AD2-8A2C-FA08FC4A7ADE}.Release|Any CPU.Build.0 = Release|Any CPU
	EndGlobalSection
	GlobalSection(SolutionProperties) = preSolution
		HideSolutionNode = FALSE
	EndGlobalSection
	GlobalSection(ExtensibilityGlobals) = postSolution
		SolutionGuid = {2B71CE72-B311-4DB3-A508-9BBB74F0E607}
	EndGlobalSection
EndGlobal
